// !$*UTF8*$!
{
	archiveVersion = 1;
	classes = {
	};
	objectVersion = 51;
	objects = {

/* Begin PBXBuildFile section */
		BF26DC5D8C16A58A99FD35CE /* Pods_DailyRewards.framework in Frameworks */ = {isa = PBXBuildFile; fileRef = FCAD6FE9D7AB2877647DC390 /* Pods_DailyRewards.framework */; };
		CC05AFCC239FCF570015E386 /* infinityLottieOrange.json in Resources */ = {isa = PBXBuildFile; fileRef = CC05AFCB239FCF560015E386 /* infinityLottieOrange.json */; };
		CC05AFD423A035E40015E386 /* ChallengeImageView.swift in Sources */ = {isa = PBXBuildFile; fileRef = CC05AFD323A035E40015E386 /* ChallengeImageView.swift */; };
		CC05AFD623A057D70015E386 /* ZoomAnimator.swift in Sources */ = {isa = PBXBuildFile; fileRef = CC05AFD523A057D70015E386 /* ZoomAnimator.swift */; };
		CC05AFDA23A106C40015E386 /* ChallengeNameTextFieldView.swift in Sources */ = {isa = PBXBuildFile; fileRef = CC05AFD923A106C40015E386 /* ChallengeNameTextFieldView.swift */; };
		CC05AFDC23A11A9F0015E386 /* ChallengeRecurrencyView.swift in Sources */ = {isa = PBXBuildFile; fileRef = CC05AFDB23A11A9F0015E386 /* ChallengeRecurrencyView.swift */; };
		CC06679623A1B7B10055D04C /* ChallengeGoalReachView.swift in Sources */ = {isa = PBXBuildFile; fileRef = CC06679523A1B7B10055D04C /* ChallengeGoalReachView.swift */; };
		CC06679823A1CAC70055D04C /* ChallengeRewardView.swift in Sources */ = {isa = PBXBuildFile; fileRef = CC06679723A1CAC70055D04C /* ChallengeRewardView.swift */; };
		CC06679A23A26F8E0055D04C /* plusMinusLottieOrange.json in Resources */ = {isa = PBXBuildFile; fileRef = CC06679923A26F8E0055D04C /* plusMinusLottieOrange.json */; };
		CC06679D23A278B30055D04C /* RewardType.swift in Sources */ = {isa = PBXBuildFile; fileRef = CC06679C23A278B30055D04C /* RewardType.swift */; };
		CC06679F23A279470055D04C /* closeLottieOrange.json in Resources */ = {isa = PBXBuildFile; fileRef = CC06679E23A279470055D04C /* closeLottieOrange.json */; };
		CC531BBB237D838C006870EF /* AppDelegate.swift in Sources */ = {isa = PBXBuildFile; fileRef = CC531BBA237D838C006870EF /* AppDelegate.swift */; };
		CC531BC2237D838D006870EF /* Assets.xcassets in Resources */ = {isa = PBXBuildFile; fileRef = CC531BC1237D838D006870EF /* Assets.xcassets */; };
		CC531BC5237D838D006870EF /* LaunchScreen.storyboard in Resources */ = {isa = PBXBuildFile; fileRef = CC531BC3237D838D006870EF /* LaunchScreen.storyboard */; };
		CC531BD0237D838D006870EF /* DailyRewardsTests.swift in Sources */ = {isa = PBXBuildFile; fileRef = CC531BCF237D838D006870EF /* DailyRewardsTests.swift */; };
		CC531BDC237DB077006870EF /* LoginViewController.swift in Sources */ = {isa = PBXBuildFile; fileRef = CC531BDA237DB077006870EF /* LoginViewController.swift */; };
		CC531BDD237DB077006870EF /* LoginViewController.xib in Resources */ = {isa = PBXBuildFile; fileRef = CC531BDB237DB077006870EF /* LoginViewController.xib */; };
		CC531BE1237DB362006870EF /* GoogleService-Info.plist in Resources */ = {isa = PBXBuildFile; fileRef = CC531BE0237DB362006870EF /* GoogleService-Info.plist */; };
		CC531BE3237DBCD4006870EF /* IconLottie.json in Resources */ = {isa = PBXBuildFile; fileRef = CC531BE2237DBCD4006870EF /* IconLottie.json */; };
		CC70824F239AB0630067A47C /* SelectedAnimationView.swift in Sources */ = {isa = PBXBuildFile; fileRef = CC70824E239AB0630067A47C /* SelectedAnimationView.swift */; };
		CC9ED02823A464AB00DC49D2 /* NewChallengeViewController.swift in Sources */ = {isa = PBXBuildFile; fileRef = CC9ED02723A464AB00DC49D2 /* NewChallengeViewController.swift */; };
		CC9ED02A23A7E7CE00DC49D2 /* NewChallengeViewController+Steps.swift in Sources */ = {isa = PBXBuildFile; fileRef = CC9ED02923A7E7CE00DC49D2 /* NewChallengeViewController+Steps.swift */; };
		CC9ED02C23A7F7FC00DC49D2 /* ChallengeButtonsView.swift in Sources */ = {isa = PBXBuildFile; fileRef = CC9ED02B23A7F7FC00DC49D2 /* ChallengeButtonsView.swift */; };
		CC9ED02E23A80F7700DC49D2 /* NewChallengeStep.swift in Sources */ = {isa = PBXBuildFile; fileRef = CC9ED02D23A80F7700DC49D2 /* NewChallengeStep.swift */; };
		CCB44020238F0EE700A54B92 /* ProfilePresenter.swift in Sources */ = {isa = PBXBuildFile; fileRef = CCB4401A238F0EE700A54B92 /* ProfilePresenter.swift */; };
		CCB44021238F0EE700A54B92 /* ProfileWorker.swift in Sources */ = {isa = PBXBuildFile; fileRef = CCB4401B238F0EE700A54B92 /* ProfileWorker.swift */; };
		CCB44023238F0EE700A54B92 /* ProfileViewController.swift in Sources */ = {isa = PBXBuildFile; fileRef = CCB4401D238F0EE700A54B92 /* ProfileViewController.swift */; };
		CCB44024238F0EE700A54B92 /* ProfileInteractor.swift in Sources */ = {isa = PBXBuildFile; fileRef = CCB4401E238F0EE700A54B92 /* ProfileInteractor.swift */; };
		CCB44025238F0EE700A54B92 /* Profile.swift in Sources */ = {isa = PBXBuildFile; fileRef = CCB4401F238F0EE700A54B92 /* Profile.swift */; };
		CCB4402C238FEC8A00A54B92 /* DailyRewardsConstants.swift in Sources */ = {isa = PBXBuildFile; fileRef = CCB4402B238FEC8900A54B92 /* DailyRewardsConstants.swift */; };
		CCBCFCB5238A0463003B9CD8 /* LoginPresenter.swift in Sources */ = {isa = PBXBuildFile; fileRef = CCBCFCB0238A0463003B9CD8 /* LoginPresenter.swift */; };
		CCBCFCB6238A0463003B9CD8 /* LoginWorker.swift in Sources */ = {isa = PBXBuildFile; fileRef = CCBCFCB1238A0463003B9CD8 /* LoginWorker.swift */; };
		CCBCFCB7238A0463003B9CD8 /* DailyRewardsRouter.swift in Sources */ = {isa = PBXBuildFile; fileRef = CCBCFCB2238A0463003B9CD8 /* DailyRewardsRouter.swift */; };
		CCBCFCB8238A0463003B9CD8 /* LoginInteractor.swift in Sources */ = {isa = PBXBuildFile; fileRef = CCBCFCB3238A0463003B9CD8 /* LoginInteractor.swift */; };
		CCCA17E62395736400AEF0E9 /* ChallengeNewCell.swift in Sources */ = {isa = PBXBuildFile; fileRef = CCCA17E52395736400AEF0E9 /* ChallengeNewCell.swift */; };
		CCCA17E82395817900AEF0E9 /* ChallengeInfoCell.swift in Sources */ = {isa = PBXBuildFile; fileRef = CCCA17E72395817900AEF0E9 /* ChallengeInfoCell.swift */; };
		CCCA986F2389D31100DCDC50 /* InitializationSetup.swift in Sources */ = {isa = PBXBuildFile; fileRef = CCCA986E2389D31100DCDC50 /* InitializationSetup.swift */; };
		CCCF564423A3F21D00BD34D1 /* ChallengePeriodView.swift in Sources */ = {isa = PBXBuildFile; fileRef = CCCF564323A3F21D00BD34D1 /* ChallengePeriodView.swift */; };
		CCD2D23A239589D000B0A4B6 /* ChallengeCellFactory.swift in Sources */ = {isa = PBXBuildFile; fileRef = CCD2D239239589D000B0A4B6 /* ChallengeCellFactory.swift */; };
		CCD2D23D2396D0BD00B0A4B6 /* MyChallengesCollectionViewDataSource.swift in Sources */ = {isa = PBXBuildFile; fileRef = CCD2D23C2396D0BD00B0A4B6 /* MyChallengesCollectionViewDataSource.swift */; };
		CCD2D23F2396D0D400B0A4B6 /* GroupChallengesCollectionViewDataSource.swift in Sources */ = {isa = PBXBuildFile; fileRef = CCD2D23E2396D0D400B0A4B6 /* GroupChallengesCollectionViewDataSource.swift */; };
		CCD2D2412396F33700B0A4B6 /* ChallengesEnums.swift in Sources */ = {isa = PBXBuildFile; fileRef = CCD2D2402396F33700B0A4B6 /* ChallengesEnums.swift */; };
		CCD2D24A2396F46B00B0A4B6 /* EditChallengePresenter.swift in Sources */ = {isa = PBXBuildFile; fileRef = CCD2D2442396F46B00B0A4B6 /* EditChallengePresenter.swift */; };
		CCD2D24B2396F46B00B0A4B6 /* EditChallengeWorker.swift in Sources */ = {isa = PBXBuildFile; fileRef = CCD2D2452396F46B00B0A4B6 /* EditChallengeWorker.swift */; };
		CCD2D24D2396F46B00B0A4B6 /* EditChallengeViewController.swift in Sources */ = {isa = PBXBuildFile; fileRef = CCD2D2472396F46B00B0A4B6 /* EditChallengeViewController.swift */; };
		CCD2D24E2396F46B00B0A4B6 /* EditChallengeInteractor.swift in Sources */ = {isa = PBXBuildFile; fileRef = CCD2D2482396F46B00B0A4B6 /* EditChallengeInteractor.swift */; };
		CCD2D24F2396F46B00B0A4B6 /* EditChallenge.swift in Sources */ = {isa = PBXBuildFile; fileRef = CCD2D2492396F46B00B0A4B6 /* EditChallenge.swift */; };
		CCE47C1A238C55D600CFF71B /* ChallengePresenter.swift in Sources */ = {isa = PBXBuildFile; fileRef = CCE47C14238C55D500CFF71B /* ChallengePresenter.swift */; };
		CCE47C1B238C55D600CFF71B /* ChallengeWorker.swift in Sources */ = {isa = PBXBuildFile; fileRef = CCE47C15238C55D500CFF71B /* ChallengeWorker.swift */; };
		CCE47C1D238C55D600CFF71B /* ChallengeViewController.swift in Sources */ = {isa = PBXBuildFile; fileRef = CCE47C17238C55D500CFF71B /* ChallengeViewController.swift */; };
		CCE47C1E238C55D600CFF71B /* ChallengeInteractor.swift in Sources */ = {isa = PBXBuildFile; fileRef = CCE47C18238C55D500CFF71B /* ChallengeInteractor.swift */; };
		CCE47C1F238C55D600CFF71B /* Challenge.swift in Sources */ = {isa = PBXBuildFile; fileRef = CCE47C19238C55D600CFF71B /* Challenge.swift */; };
		CCE47C25238CA99600CFF71B /* ChallengeViewController+AnimationDelegates.swift in Sources */ = {isa = PBXBuildFile; fileRef = CCE47C24238CA99600CFF71B /* ChallengeViewController+AnimationDelegates.swift */; };
/* End PBXBuildFile section */

/* Begin PBXContainerItemProxy section */
		CC531BCC237D838D006870EF /* PBXContainerItemProxy */ = {
			isa = PBXContainerItemProxy;
			containerPortal = CC531BAF237D838C006870EF /* Project object */;
			proxyType = 1;
			remoteGlobalIDString = CC531BB6237D838C006870EF;
			remoteInfo = DailyRewards;
		};
/* End PBXContainerItemProxy section */

/* Begin PBXFileReference section */
		330214D1A0592BB321A1360B /* Pods-DailyRewards.debug.xcconfig */ = {isa = PBXFileReference; includeInIndex = 1; lastKnownFileType = text.xcconfig; name = "Pods-DailyRewards.debug.xcconfig"; path = "Target Support Files/Pods-DailyRewards/Pods-DailyRewards.debug.xcconfig"; sourceTree = "<group>"; };
		CC05AFCB239FCF560015E386 /* infinityLottieOrange.json */ = {isa = PBXFileReference; fileEncoding = 4; lastKnownFileType = text.json; path = infinityLottieOrange.json; sourceTree = "<group>"; };
		CC05AFD323A035E40015E386 /* ChallengeImageView.swift */ = {isa = PBXFileReference; lastKnownFileType = sourcecode.swift; path = ChallengeImageView.swift; sourceTree = "<group>"; };
		CC05AFD523A057D70015E386 /* ZoomAnimator.swift */ = {isa = PBXFileReference; lastKnownFileType = sourcecode.swift; path = ZoomAnimator.swift; sourceTree = "<group>"; };
		CC05AFD923A106C40015E386 /* ChallengeNameTextFieldView.swift */ = {isa = PBXFileReference; lastKnownFileType = sourcecode.swift; path = ChallengeNameTextFieldView.swift; sourceTree = "<group>"; };
		CC05AFDB23A11A9F0015E386 /* ChallengeRecurrencyView.swift */ = {isa = PBXFileReference; lastKnownFileType = sourcecode.swift; path = ChallengeRecurrencyView.swift; sourceTree = "<group>"; };
		CC06679523A1B7B10055D04C /* ChallengeGoalReachView.swift */ = {isa = PBXFileReference; lastKnownFileType = sourcecode.swift; path = ChallengeGoalReachView.swift; sourceTree = "<group>"; };
		CC06679723A1CAC70055D04C /* ChallengeRewardView.swift */ = {isa = PBXFileReference; lastKnownFileType = sourcecode.swift; path = ChallengeRewardView.swift; sourceTree = "<group>"; };
		CC06679923A26F8E0055D04C /* plusMinusLottieOrange.json */ = {isa = PBXFileReference; fileEncoding = 4; lastKnownFileType = text.json; path = plusMinusLottieOrange.json; sourceTree = "<group>"; };
		CC06679C23A278B30055D04C /* RewardType.swift */ = {isa = PBXFileReference; lastKnownFileType = sourcecode.swift; path = RewardType.swift; sourceTree = "<group>"; };
		CC06679E23A279470055D04C /* closeLottieOrange.json */ = {isa = PBXFileReference; fileEncoding = 4; lastKnownFileType = text.json; path = closeLottieOrange.json; sourceTree = "<group>"; };
		CC531BB7237D838C006870EF /* DailyRewards.app */ = {isa = PBXFileReference; explicitFileType = wrapper.application; includeInIndex = 0; path = DailyRewards.app; sourceTree = BUILT_PRODUCTS_DIR; };
		CC531BBA237D838C006870EF /* AppDelegate.swift */ = {isa = PBXFileReference; lastKnownFileType = sourcecode.swift; path = AppDelegate.swift; sourceTree = "<group>"; };
		CC531BC1237D838D006870EF /* Assets.xcassets */ = {isa = PBXFileReference; lastKnownFileType = folder.assetcatalog; path = Assets.xcassets; sourceTree = "<group>"; };
		CC531BC4237D838D006870EF /* Base */ = {isa = PBXFileReference; lastKnownFileType = file.storyboard; name = Base; path = Base.lproj/LaunchScreen.storyboard; sourceTree = "<group>"; };
		CC531BC6237D838D006870EF /* Info.plist */ = {isa = PBXFileReference; lastKnownFileType = text.plist.xml; path = Info.plist; sourceTree = "<group>"; };
		CC531BCB237D838D006870EF /* DailyRewardsTests.xctest */ = {isa = PBXFileReference; explicitFileType = wrapper.cfbundle; includeInIndex = 0; path = DailyRewardsTests.xctest; sourceTree = BUILT_PRODUCTS_DIR; };
		CC531BCF237D838D006870EF /* DailyRewardsTests.swift */ = {isa = PBXFileReference; lastKnownFileType = sourcecode.swift; path = DailyRewardsTests.swift; sourceTree = "<group>"; };
		CC531BD1237D838D006870EF /* Info.plist */ = {isa = PBXFileReference; lastKnownFileType = text.plist.xml; path = Info.plist; sourceTree = "<group>"; };
		CC531BDA237DB077006870EF /* LoginViewController.swift */ = {isa = PBXFileReference; lastKnownFileType = sourcecode.swift; path = LoginViewController.swift; sourceTree = "<group>"; };
		CC531BDB237DB077006870EF /* LoginViewController.xib */ = {isa = PBXFileReference; lastKnownFileType = file.xib; path = LoginViewController.xib; sourceTree = "<group>"; };
		CC531BE0237DB362006870EF /* GoogleService-Info.plist */ = {isa = PBXFileReference; fileEncoding = 4; lastKnownFileType = text.plist.xml; path = "GoogleService-Info.plist"; sourceTree = "<group>"; };
		CC531BE2237DBCD4006870EF /* IconLottie.json */ = {isa = PBXFileReference; fileEncoding = 4; lastKnownFileType = text.json; path = IconLottie.json; sourceTree = "<group>"; };
		CC70824E239AB0630067A47C /* SelectedAnimationView.swift */ = {isa = PBXFileReference; lastKnownFileType = sourcecode.swift; path = SelectedAnimationView.swift; sourceTree = "<group>"; };
		CC9ED02723A464AB00DC49D2 /* NewChallengeViewController.swift */ = {isa = PBXFileReference; lastKnownFileType = sourcecode.swift; path = NewChallengeViewController.swift; sourceTree = "<group>"; };
		CC9ED02923A7E7CE00DC49D2 /* NewChallengeViewController+Steps.swift */ = {isa = PBXFileReference; lastKnownFileType = sourcecode.swift; path = "NewChallengeViewController+Steps.swift"; sourceTree = "<group>"; };
		CC9ED02B23A7F7FC00DC49D2 /* ChallengeButtonsView.swift */ = {isa = PBXFileReference; lastKnownFileType = sourcecode.swift; path = ChallengeButtonsView.swift; sourceTree = "<group>"; };
		CC9ED02D23A80F7700DC49D2 /* NewChallengeStep.swift */ = {isa = PBXFileReference; lastKnownFileType = sourcecode.swift; path = NewChallengeStep.swift; sourceTree = "<group>"; };
		CCB4401A238F0EE700A54B92 /* ProfilePresenter.swift */ = {isa = PBXFileReference; lastKnownFileType = sourcecode.swift; path = ProfilePresenter.swift; sourceTree = "<group>"; };
		CCB4401B238F0EE700A54B92 /* ProfileWorker.swift */ = {isa = PBXFileReference; lastKnownFileType = sourcecode.swift; path = ProfileWorker.swift; sourceTree = "<group>"; };
		CCB4401D238F0EE700A54B92 /* ProfileViewController.swift */ = {isa = PBXFileReference; lastKnownFileType = sourcecode.swift; path = ProfileViewController.swift; sourceTree = "<group>"; };
		CCB4401E238F0EE700A54B92 /* ProfileInteractor.swift */ = {isa = PBXFileReference; lastKnownFileType = sourcecode.swift; path = ProfileInteractor.swift; sourceTree = "<group>"; };
		CCB4401F238F0EE700A54B92 /* Profile.swift */ = {isa = PBXFileReference; lastKnownFileType = sourcecode.swift; path = Profile.swift; sourceTree = "<group>"; };
		CCB4402B238FEC8900A54B92 /* DailyRewardsConstants.swift */ = {isa = PBXFileReference; lastKnownFileType = sourcecode.swift; path = DailyRewardsConstants.swift; sourceTree = "<group>"; };
		CCBCFCB0238A0463003B9CD8 /* LoginPresenter.swift */ = {isa = PBXFileReference; lastKnownFileType = sourcecode.swift; path = LoginPresenter.swift; sourceTree = "<group>"; };
		CCBCFCB1238A0463003B9CD8 /* LoginWorker.swift */ = {isa = PBXFileReference; lastKnownFileType = sourcecode.swift; path = LoginWorker.swift; sourceTree = "<group>"; };
		CCBCFCB2238A0463003B9CD8 /* DailyRewardsRouter.swift */ = {isa = PBXFileReference; lastKnownFileType = sourcecode.swift; path = DailyRewardsRouter.swift; sourceTree = "<group>"; };
		CCBCFCB3238A0463003B9CD8 /* LoginInteractor.swift */ = {isa = PBXFileReference; lastKnownFileType = sourcecode.swift; path = LoginInteractor.swift; sourceTree = "<group>"; };
		CCCA17E52395736400AEF0E9 /* ChallengeNewCell.swift */ = {isa = PBXFileReference; lastKnownFileType = sourcecode.swift; path = ChallengeNewCell.swift; sourceTree = "<group>"; };
		CCCA17E72395817900AEF0E9 /* ChallengeInfoCell.swift */ = {isa = PBXFileReference; lastKnownFileType = sourcecode.swift; path = ChallengeInfoCell.swift; sourceTree = "<group>"; };
		CCCA986E2389D31100DCDC50 /* InitializationSetup.swift */ = {isa = PBXFileReference; lastKnownFileType = sourcecode.swift; path = InitializationSetup.swift; sourceTree = "<group>"; };
		CCCF564323A3F21D00BD34D1 /* ChallengePeriodView.swift */ = {isa = PBXFileReference; lastKnownFileType = sourcecode.swift; path = ChallengePeriodView.swift; sourceTree = "<group>"; };
		CCD2D239239589D000B0A4B6 /* ChallengeCellFactory.swift */ = {isa = PBXFileReference; lastKnownFileType = sourcecode.swift; path = ChallengeCellFactory.swift; sourceTree = "<group>"; };
		CCD2D23C2396D0BD00B0A4B6 /* MyChallengesCollectionViewDataSource.swift */ = {isa = PBXFileReference; lastKnownFileType = sourcecode.swift; path = MyChallengesCollectionViewDataSource.swift; sourceTree = "<group>"; };
		CCD2D23E2396D0D400B0A4B6 /* GroupChallengesCollectionViewDataSource.swift */ = {isa = PBXFileReference; lastKnownFileType = sourcecode.swift; path = GroupChallengesCollectionViewDataSource.swift; sourceTree = "<group>"; };
		CCD2D2402396F33700B0A4B6 /* ChallengesEnums.swift */ = {isa = PBXFileReference; lastKnownFileType = sourcecode.swift; path = ChallengesEnums.swift; sourceTree = "<group>"; };
		CCD2D2442396F46B00B0A4B6 /* EditChallengePresenter.swift */ = {isa = PBXFileReference; lastKnownFileType = sourcecode.swift; path = EditChallengePresenter.swift; sourceTree = "<group>"; };
		CCD2D2452396F46B00B0A4B6 /* EditChallengeWorker.swift */ = {isa = PBXFileReference; lastKnownFileType = sourcecode.swift; path = EditChallengeWorker.swift; sourceTree = "<group>"; };
		CCD2D2472396F46B00B0A4B6 /* EditChallengeViewController.swift */ = {isa = PBXFileReference; lastKnownFileType = sourcecode.swift; path = EditChallengeViewController.swift; sourceTree = "<group>"; };
		CCD2D2482396F46B00B0A4B6 /* EditChallengeInteractor.swift */ = {isa = PBXFileReference; lastKnownFileType = sourcecode.swift; path = EditChallengeInteractor.swift; sourceTree = "<group>"; };
		CCD2D2492396F46B00B0A4B6 /* EditChallenge.swift */ = {isa = PBXFileReference; lastKnownFileType = sourcecode.swift; path = EditChallenge.swift; sourceTree = "<group>"; };
		CCE47C14238C55D500CFF71B /* ChallengePresenter.swift */ = {isa = PBXFileReference; lastKnownFileType = sourcecode.swift; path = ChallengePresenter.swift; sourceTree = "<group>"; };
		CCE47C15238C55D500CFF71B /* ChallengeWorker.swift */ = {isa = PBXFileReference; lastKnownFileType = sourcecode.swift; path = ChallengeWorker.swift; sourceTree = "<group>"; };
		CCE47C17238C55D500CFF71B /* ChallengeViewController.swift */ = {isa = PBXFileReference; lastKnownFileType = sourcecode.swift; path = ChallengeViewController.swift; sourceTree = "<group>"; };
		CCE47C18238C55D500CFF71B /* ChallengeInteractor.swift */ = {isa = PBXFileReference; lastKnownFileType = sourcecode.swift; path = ChallengeInteractor.swift; sourceTree = "<group>"; };
		CCE47C19238C55D600CFF71B /* Challenge.swift */ = {isa = PBXFileReference; lastKnownFileType = sourcecode.swift; path = Challenge.swift; sourceTree = "<group>"; };
		CCE47C24238CA99600CFF71B /* ChallengeViewController+AnimationDelegates.swift */ = {isa = PBXFileReference; lastKnownFileType = sourcecode.swift; path = "ChallengeViewController+AnimationDelegates.swift"; sourceTree = "<group>"; };
		FB185F9362793955DBBF3537 /* Pods-DailyRewards.release.xcconfig */ = {isa = PBXFileReference; includeInIndex = 1; lastKnownFileType = text.xcconfig; name = "Pods-DailyRewards.release.xcconfig"; path = "Target Support Files/Pods-DailyRewards/Pods-DailyRewards.release.xcconfig"; sourceTree = "<group>"; };
		FCAD6FE9D7AB2877647DC390 /* Pods_DailyRewards.framework */ = {isa = PBXFileReference; explicitFileType = wrapper.framework; includeInIndex = 0; path = Pods_DailyRewards.framework; sourceTree = BUILT_PRODUCTS_DIR; };
/* End PBXFileReference section */

/* Begin PBXFrameworksBuildPhase section */
		CC531BB4237D838C006870EF /* Frameworks */ = {
			isa = PBXFrameworksBuildPhase;
			buildActionMask = 2147483647;
			files = (
				BF26DC5D8C16A58A99FD35CE /* Pods_DailyRewards.framework in Frameworks */,
			);
			runOnlyForDeploymentPostprocessing = 0;
		};
		CC531BC8237D838D006870EF /* Frameworks */ = {
			isa = PBXFrameworksBuildPhase;
			buildActionMask = 2147483647;
			files = (
			);
			runOnlyForDeploymentPostprocessing = 0;
		};
/* End PBXFrameworksBuildPhase section */

/* Begin PBXGroup section */
		52201F893D588E951935B3DD /* Pods */ = {
			isa = PBXGroup;
			children = (
				330214D1A0592BB321A1360B /* Pods-DailyRewards.debug.xcconfig */,
				FB185F9362793955DBBF3537 /* Pods-DailyRewards.release.xcconfig */,
			);
			path = Pods;
			sourceTree = "<group>";
		};
		C59F209D4327EBAC0740D873 /* Frameworks */ = {
			isa = PBXGroup;
			children = (
				FCAD6FE9D7AB2877647DC390 /* Pods_DailyRewards.framework */,
			);
			name = Frameworks;
			sourceTree = "<group>";
		};
		CC05AFD223A02C1E0015E386 /* Views */ = {
			isa = PBXGroup;
			children = (
				CC05AFD323A035E40015E386 /* ChallengeImageView.swift */,
				CC05AFD923A106C40015E386 /* ChallengeNameTextFieldView.swift */,
				CC05AFDB23A11A9F0015E386 /* ChallengeRecurrencyView.swift */,
				CCCF564323A3F21D00BD34D1 /* ChallengePeriodView.swift */,
				CC06679523A1B7B10055D04C /* ChallengeGoalReachView.swift */,
				CC06679723A1CAC70055D04C /* ChallengeRewardView.swift */,
				CC9ED02B23A7F7FC00DC49D2 /* ChallengeButtonsView.swift */,
			);
			path = Views;
			sourceTree = "<group>";
		};
		CC06679B23A278A30055D04C /* Enums */ = {
			isa = PBXGroup;
			children = (
				CC06679C23A278B30055D04C /* RewardType.swift */,
			);
			path = Enums;
			sourceTree = "<group>";
		};
		CC531BAE237D838C006870EF = {
			isa = PBXGroup;
			children = (
				CC531BB9237D838C006870EF /* DailyRewards */,
				CC531BCE237D838D006870EF /* DailyRewardsTests */,
				CC531BB8237D838C006870EF /* Products */,
				52201F893D588E951935B3DD /* Pods */,
				C59F209D4327EBAC0740D873 /* Frameworks */,
			);
			sourceTree = "<group>";
		};
		CC531BB8237D838C006870EF /* Products */ = {
			isa = PBXGroup;
			children = (
				CC531BB7237D838C006870EF /* DailyRewards.app */,
				CC531BCB237D838D006870EF /* DailyRewardsTests.xctest */,
			);
			name = Products;
			sourceTree = "<group>";
		};
		CC531BB9237D838C006870EF /* DailyRewards */ = {
			isa = PBXGroup;
			children = (
				CC531BDF237DB352006870EF /* GoogleAnalytics */,
				CC531BDE237DB07B006870EF /* Screen */,
				CC531BBA237D838C006870EF /* AppDelegate.swift */,
				CC531BC1237D838D006870EF /* Assets.xcassets */,
				CC531BC3237D838D006870EF /* LaunchScreen.storyboard */,
				CC06679923A26F8E0055D04C /* plusMinusLottieOrange.json */,
				CC06679E23A279470055D04C /* closeLottieOrange.json */,
				CC05AFCB239FCF560015E386 /* infinityLottieOrange.json */,
				CC531BE2237DBCD4006870EF /* IconLottie.json */,
				CC531BC6237D838D006870EF /* Info.plist */,
			);
			path = DailyRewards;
			sourceTree = "<group>";
		};
		CC531BCE237D838D006870EF /* DailyRewardsTests */ = {
			isa = PBXGroup;
			children = (
				CC531BCF237D838D006870EF /* DailyRewardsTests.swift */,
				CC531BD1237D838D006870EF /* Info.plist */,
			);
			path = DailyRewardsTests;
			sourceTree = "<group>";
		};
		CC531BDE237DB07B006870EF /* Screen */ = {
			isa = PBXGroup;
			children = (
				CCB4402B238FEC8900A54B92 /* DailyRewardsConstants.swift */,
				CCBCFCB2238A0463003B9CD8 /* DailyRewardsRouter.swift */,
				CCCA986D2389D2E900DCDC50 /* Initialization */,
				CCCA986C2389D2D500DCDC50 /* Login */,
				CCE47C13238C558F00CFF71B /* Challenge */,
				CCB44026238F0EEB00A54B92 /* Profile */,
				CC05AFD523A057D70015E386 /* ZoomAnimator.swift */,
			);
			path = Screen;
			sourceTree = "<group>";
		};
		CC531BDF237DB352006870EF /* GoogleAnalytics */ = {
			isa = PBXGroup;
			children = (
				CC531BE0237DB362006870EF /* GoogleService-Info.plist */,
			);
			path = GoogleAnalytics;
			sourceTree = "<group>";
		};
		CC9ED02523A4636E00DC49D2 /* List Challenge */ = {
			isa = PBXGroup;
			children = (
				CCD2D2422396F37300B0A4B6 /* Enums */,
				CCD2D23B2396D06100B0A4B6 /* DataSources */,
				CCCA17E42395733100AEF0E9 /* Views */,
				CCE47C14238C55D500CFF71B /* ChallengePresenter.swift */,
				CCE47C15238C55D500CFF71B /* ChallengeWorker.swift */,
				CCE47C18238C55D500CFF71B /* ChallengeInteractor.swift */,
				CCE47C19238C55D600CFF71B /* Challenge.swift */,
				CCE47C17238C55D500CFF71B /* ChallengeViewController.swift */,
				CCE47C24238CA99600CFF71B /* ChallengeViewController+AnimationDelegates.swift */,
			);
			path = "List Challenge";
			sourceTree = "<group>";
		};
		CC9ED02623A4639700DC49D2 /* New  Challenge */ = {
			isa = PBXGroup;
			children = (
				CC9ED02723A464AB00DC49D2 /* NewChallengeViewController.swift */,
				CC9ED02923A7E7CE00DC49D2 /* NewChallengeViewController+Steps.swift */,
				CC9ED02D23A80F7700DC49D2 /* NewChallengeStep.swift */,
			);
			path = "New  Challenge";
			sourceTree = "<group>";
		};
		CCB44026238F0EEB00A54B92 /* Profile */ = {
			isa = PBXGroup;
			children = (
				CCB4401A238F0EE700A54B92 /* ProfilePresenter.swift */,
				CCB4401B238F0EE700A54B92 /* ProfileWorker.swift */,
				CCB4401D238F0EE700A54B92 /* ProfileViewController.swift */,
				CCB4401E238F0EE700A54B92 /* ProfileInteractor.swift */,
				CCB4401F238F0EE700A54B92 /* Profile.swift */,
			);
			path = Profile;
			sourceTree = "<group>";
		};
		CCCA17E42395733100AEF0E9 /* Views */ = {
			isa = PBXGroup;
			children = (
				CCCA17E52395736400AEF0E9 /* ChallengeNewCell.swift */,
				CCCA17E72395817900AEF0E9 /* ChallengeInfoCell.swift */,
				CCD2D239239589D000B0A4B6 /* ChallengeCellFactory.swift */,
				CC70824E239AB0630067A47C /* SelectedAnimationView.swift */,
			);
			path = Views;
			sourceTree = "<group>";
		};
		CCCA986C2389D2D500DCDC50 /* Login */ = {
			isa = PBXGroup;
			children = (
				CC531BDA237DB077006870EF /* LoginViewController.swift */,
				CC531BDB237DB077006870EF /* LoginViewController.xib */,
				CCBCFCB0238A0463003B9CD8 /* LoginPresenter.swift */,
				CCBCFCB1238A0463003B9CD8 /* LoginWorker.swift */,
				CCBCFCB3238A0463003B9CD8 /* LoginInteractor.swift */,
			);
			path = Login;
			sourceTree = "<group>";
		};
		CCCA986D2389D2E900DCDC50 /* Initialization */ = {
			isa = PBXGroup;
			children = (
				CCCA986E2389D31100DCDC50 /* InitializationSetup.swift */,
			);
			path = Initialization;
			sourceTree = "<group>";
		};
		CCD2D23B2396D06100B0A4B6 /* DataSources */ = {
			isa = PBXGroup;
			children = (
				CCD2D23C2396D0BD00B0A4B6 /* MyChallengesCollectionViewDataSource.swift */,
				CCD2D23E2396D0D400B0A4B6 /* GroupChallengesCollectionViewDataSource.swift */,
			);
			path = DataSources;
			sourceTree = "<group>";
		};
		CCD2D2422396F37300B0A4B6 /* Enums */ = {
			isa = PBXGroup;
			children = (
				CCD2D2402396F33700B0A4B6 /* ChallengesEnums.swift */,
			);
			path = Enums;
			sourceTree = "<group>";
		};
		CCD2D2432396F44E00B0A4B6 /* Edit Challenge */ = {
			isa = PBXGroup;
			children = (
				CC06679B23A278A30055D04C /* Enums */,
				CCD2D2442396F46B00B0A4B6 /* EditChallengePresenter.swift */,
				CCD2D2452396F46B00B0A4B6 /* EditChallengeWorker.swift */,
				CCD2D2472396F46B00B0A4B6 /* EditChallengeViewController.swift */,
				CCD2D2482396F46B00B0A4B6 /* EditChallengeInteractor.swift */,
				CCD2D2492396F46B00B0A4B6 /* EditChallenge.swift */,
			);
			name = "Edit Challenge";
			path = NewChallenge;
			sourceTree = "<group>";
		};
		CCE47C13238C558F00CFF71B /* Challenge */ = {
			isa = PBXGroup;
			children = (
				CC05AFD223A02C1E0015E386 /* Views */,
				CC9ED02523A4636E00DC49D2 /* List Challenge */,
				CC9ED02623A4639700DC49D2 /* New  Challenge */,
				CCD2D2432396F44E00B0A4B6 /* Edit Challenge */,
			);
			path = Challenge;
			sourceTree = "<group>";
		};
/* End PBXGroup section */

/* Begin PBXNativeTarget section */
		CC531BB6237D838C006870EF /* DailyRewards */ = {
			isa = PBXNativeTarget;
			buildConfigurationList = CC531BD4237D838D006870EF /* Build configuration list for PBXNativeTarget "DailyRewards" */;
			buildPhases = (
				62C75E7FB5CFBC26D04633AC /* [CP] Check Pods Manifest.lock */,
				CC531BB3237D838C006870EF /* Sources */,
				CC531BB4237D838C006870EF /* Frameworks */,
				CC531BB5237D838C006870EF /* Resources */,
				153AC6FBABF7B6EACE35857F /* [CP] Embed Pods Frameworks */,
				A75ED51C575710B573985F6D /* [CP] Copy Pods Resources */,
			);
			buildRules = (
			);
			dependencies = (
			);
			name = DailyRewards;
			productName = DailyRewards;
			productReference = CC531BB7237D838C006870EF /* DailyRewards.app */;
			productType = "com.apple.product-type.application";
		};
		CC531BCA237D838D006870EF /* DailyRewardsTests */ = {
			isa = PBXNativeTarget;
			buildConfigurationList = CC531BD7237D838D006870EF /* Build configuration list for PBXNativeTarget "DailyRewardsTests" */;
			buildPhases = (
				CC531BC7237D838D006870EF /* Sources */,
				CC531BC8237D838D006870EF /* Frameworks */,
				CC531BC9237D838D006870EF /* Resources */,
			);
			buildRules = (
			);
			dependencies = (
				CC531BCD237D838D006870EF /* PBXTargetDependency */,
			);
			name = DailyRewardsTests;
			productName = DailyRewardsTests;
			productReference = CC531BCB237D838D006870EF /* DailyRewardsTests.xctest */;
			productType = "com.apple.product-type.bundle.unit-test";
		};
/* End PBXNativeTarget section */

/* Begin PBXProject section */
		CC531BAF237D838C006870EF /* Project object */ = {
			isa = PBXProject;
			attributes = {
				LastSwiftUpdateCheck = 1010;
				LastUpgradeCheck = 1010;
				ORGANIZATIONNAME = "Joao Gabriel Medeiros Perei";
				TargetAttributes = {
					CC531BB6237D838C006870EF = {
						CreatedOnToolsVersion = 10.1;
					};
					CC531BCA237D838D006870EF = {
						CreatedOnToolsVersion = 10.1;
						TestTargetID = CC531BB6237D838C006870EF;
					};
				};
			};
			buildConfigurationList = CC531BB2237D838C006870EF /* Build configuration list for PBXProject "DailyRewards" */;
			compatibilityVersion = "Xcode 9.3";
			developmentRegion = en;
			hasScannedForEncodings = 0;
			knownRegions = (
				en,
				Base,
			);
			mainGroup = CC531BAE237D838C006870EF;
			productRefGroup = CC531BB8237D838C006870EF /* Products */;
			projectDirPath = "";
			projectRoot = "";
			targets = (
				CC531BB6237D838C006870EF /* DailyRewards */,
				CC531BCA237D838D006870EF /* DailyRewardsTests */,
			);
		};
/* End PBXProject section */

/* Begin PBXResourcesBuildPhase section */
		CC531BB5237D838C006870EF /* Resources */ = {
			isa = PBXResourcesBuildPhase;
			buildActionMask = 2147483647;
			files = (
				CC531BC5237D838D006870EF /* LaunchScreen.storyboard in Resources */,
				CC531BE1237DB362006870EF /* GoogleService-Info.plist in Resources */,
				CC531BC2237D838D006870EF /* Assets.xcassets in Resources */,
				CC531BDD237DB077006870EF /* LoginViewController.xib in Resources */,
				CC05AFCC239FCF570015E386 /* infinityLottieOrange.json in Resources */,
				CC531BE3237DBCD4006870EF /* IconLottie.json in Resources */,
				CC06679F23A279470055D04C /* closeLottieOrange.json in Resources */,
				CC06679A23A26F8E0055D04C /* plusMinusLottieOrange.json in Resources */,
			);
			runOnlyForDeploymentPostprocessing = 0;
		};
		CC531BC9237D838D006870EF /* Resources */ = {
			isa = PBXResourcesBuildPhase;
			buildActionMask = 2147483647;
			files = (
			);
			runOnlyForDeploymentPostprocessing = 0;
		};
/* End PBXResourcesBuildPhase section */

/* Begin PBXShellScriptBuildPhase section */
		153AC6FBABF7B6EACE35857F /* [CP] Embed Pods Frameworks */ = {
			isa = PBXShellScriptBuildPhase;
			buildActionMask = 2147483647;
			files = (
			);
			inputFileListPaths = (
				"${PODS_ROOT}/Target Support Files/Pods-DailyRewards/Pods-DailyRewards-frameworks-${CONFIGURATION}-input-files.xcfilelist",
			);
			name = "[CP] Embed Pods Frameworks";
			outputFileListPaths = (
				"${PODS_ROOT}/Target Support Files/Pods-DailyRewards/Pods-DailyRewards-frameworks-${CONFIGURATION}-output-files.xcfilelist",
			);
			runOnlyForDeploymentPostprocessing = 0;
			shellPath = /bin/sh;
			shellScript = "\"${PODS_ROOT}/Target Support Files/Pods-DailyRewards/Pods-DailyRewards-frameworks.sh\"\n";
			showEnvVarsInLog = 0;
		};
		62C75E7FB5CFBC26D04633AC /* [CP] Check Pods Manifest.lock */ = {
			isa = PBXShellScriptBuildPhase;
			buildActionMask = 2147483647;
			files = (
			);
			inputFileListPaths = (
			);
			inputPaths = (
				"${PODS_PODFILE_DIR_PATH}/Podfile.lock",
				"${PODS_ROOT}/Manifest.lock",
			);
			name = "[CP] Check Pods Manifest.lock";
			outputFileListPaths = (
			);
			outputPaths = (
				"$(DERIVED_FILE_DIR)/Pods-DailyRewards-checkManifestLockResult.txt",
			);
			runOnlyForDeploymentPostprocessing = 0;
			shellPath = /bin/sh;
			shellScript = "diff \"${PODS_PODFILE_DIR_PATH}/Podfile.lock\" \"${PODS_ROOT}/Manifest.lock\" > /dev/null\nif [ $? != 0 ] ; then\n    # print error to STDERR\n    echo \"error: The sandbox is not in sync with the Podfile.lock. Run 'pod install' or update your CocoaPods installation.\" >&2\n    exit 1\nfi\n# This output is used by Xcode 'outputs' to avoid re-running this script phase.\necho \"SUCCESS\" > \"${SCRIPT_OUTPUT_FILE_0}\"\n";
			showEnvVarsInLog = 0;
		};
		A75ED51C575710B573985F6D /* [CP] Copy Pods Resources */ = {
			isa = PBXShellScriptBuildPhase;
			buildActionMask = 2147483647;
			files = (
			);
			inputFileListPaths = (
				"${PODS_ROOT}/Target Support Files/Pods-DailyRewards/Pods-DailyRewards-resources-${CONFIGURATION}-input-files.xcfilelist",
			);
			name = "[CP] Copy Pods Resources";
			outputFileListPaths = (
				"${PODS_ROOT}/Target Support Files/Pods-DailyRewards/Pods-DailyRewards-resources-${CONFIGURATION}-output-files.xcfilelist",
			);
			runOnlyForDeploymentPostprocessing = 0;
			shellPath = /bin/sh;
			shellScript = "\"${PODS_ROOT}/Target Support Files/Pods-DailyRewards/Pods-DailyRewards-resources.sh\"\n";
			showEnvVarsInLog = 0;
		};
/* End PBXShellScriptBuildPhase section */

/* Begin PBXSourcesBuildPhase section */
		CC531BB3237D838C006870EF /* Sources */ = {
			isa = PBXSourcesBuildPhase;
			buildActionMask = 2147483647;
			files = (
				CCE47C1E238C55D600CFF71B /* ChallengeInteractor.swift in Sources */,
				CCD2D24A2396F46B00B0A4B6 /* EditChallengePresenter.swift in Sources */,
				CC9ED02C23A7F7FC00DC49D2 /* ChallengeButtonsView.swift in Sources */,
				CCB44021238F0EE700A54B92 /* ProfileWorker.swift in Sources */,
				CCBCFCB6238A0463003B9CD8 /* LoginWorker.swift in Sources */,
				CCD2D24D2396F46B00B0A4B6 /* EditChallengeViewController.swift in Sources */,
				CCE47C1B238C55D600CFF71B /* ChallengeWorker.swift in Sources */,
				CCBCFCB5238A0463003B9CD8 /* LoginPresenter.swift in Sources */,
				CC9ED02E23A80F7700DC49D2 /* NewChallengeStep.swift in Sources */,
				CCBCFCB8238A0463003B9CD8 /* LoginInteractor.swift in Sources */,
				CCD2D2412396F33700B0A4B6 /* ChallengesEnums.swift in Sources */,
				CC06679823A1CAC70055D04C /* ChallengeRewardView.swift in Sources */,
				CC70824F239AB0630067A47C /* SelectedAnimationView.swift in Sources */,
				CCB44023238F0EE700A54B92 /* ProfileViewController.swift in Sources */,
				CCE47C1A238C55D600CFF71B /* ChallengePresenter.swift in Sources */,
				CC05AFDA23A106C40015E386 /* ChallengeNameTextFieldView.swift in Sources */,
				CC9ED02823A464AB00DC49D2 /* NewChallengeViewController.swift in Sources */,
				CC06679D23A278B30055D04C /* RewardType.swift in Sources */,
				CCD2D23A239589D000B0A4B6 /* ChallengeCellFactory.swift in Sources */,
				CCE47C1F238C55D600CFF71B /* Challenge.swift in Sources */,
				CCD2D24F2396F46B00B0A4B6 /* EditChallenge.swift in Sources */,
				CCBCFCB7238A0463003B9CD8 /* DailyRewardsRouter.swift in Sources */,
				CCD2D23D2396D0BD00B0A4B6 /* MyChallengesCollectionViewDataSource.swift in Sources */,
				CC531BDC237DB077006870EF /* LoginViewController.swift in Sources */,
				CCCF564423A3F21D00BD34D1 /* ChallengePeriodView.swift in Sources */,
				CCB4402C238FEC8A00A54B92 /* DailyRewardsConstants.swift in Sources */,
				CC05AFDC23A11A9F0015E386 /* ChallengeRecurrencyView.swift in Sources */,
				CC05AFD623A057D70015E386 /* ZoomAnimator.swift in Sources */,
				CCCA986F2389D31100DCDC50 /* InitializationSetup.swift in Sources */,
				CCB44020238F0EE700A54B92 /* ProfilePresenter.swift in Sources */,
				CC531BBB237D838C006870EF /* AppDelegate.swift in Sources */,
				CC9ED02A23A7E7CE00DC49D2 /* NewChallengeViewController+Steps.swift in Sources */,
				CCE47C1D238C55D600CFF71B /* ChallengeViewController.swift in Sources */,
				CCCA17E62395736400AEF0E9 /* ChallengeNewCell.swift in Sources */,
				CCD2D24E2396F46B00B0A4B6 /* EditChallengeInteractor.swift in Sources */,
				CCD2D23F2396D0D400B0A4B6 /* GroupChallengesCollectionViewDataSource.swift in Sources */,
				CC06679623A1B7B10055D04C /* ChallengeGoalReachView.swift in Sources */,
				CCD2D24B2396F46B00B0A4B6 /* EditChallengeWorker.swift in Sources */,
				CCB44025238F0EE700A54B92 /* Profile.swift in Sources */,
				CCCA17E82395817900AEF0E9 /* ChallengeInfoCell.swift in Sources */,
				CC05AFD423A035E40015E386 /* ChallengeImageView.swift in Sources */,
				CCB44024238F0EE700A54B92 /* ProfileInteractor.swift in Sources */,
				CCE47C25238CA99600CFF71B /* ChallengeViewController+AnimationDelegates.swift in Sources */,
			);
			runOnlyForDeploymentPostprocessing = 0;
		};
		CC531BC7237D838D006870EF /* Sources */ = {
			isa = PBXSourcesBuildPhase;
			buildActionMask = 2147483647;
			files = (
				CC531BD0237D838D006870EF /* DailyRewardsTests.swift in Sources */,
			);
			runOnlyForDeploymentPostprocessing = 0;
		};
/* End PBXSourcesBuildPhase section */

/* Begin PBXTargetDependency section */
		CC531BCD237D838D006870EF /* PBXTargetDependency */ = {
			isa = PBXTargetDependency;
			target = CC531BB6237D838C006870EF /* DailyRewards */;
			targetProxy = CC531BCC237D838D006870EF /* PBXContainerItemProxy */;
		};
/* End PBXTargetDependency section */

/* Begin PBXVariantGroup section */
		CC531BC3237D838D006870EF /* LaunchScreen.storyboard */ = {
			isa = PBXVariantGroup;
			children = (
				CC531BC4237D838D006870EF /* Base */,
			);
			name = LaunchScreen.storyboard;
			sourceTree = "<group>";
		};
/* End PBXVariantGroup section */

/* Begin XCBuildConfiguration section */
		CC531BD2237D838D006870EF /* Debug */ = {
			isa = XCBuildConfiguration;
			buildSettings = {
				ALWAYS_SEARCH_USER_PATHS = NO;
				CLANG_ANALYZER_NONNULL = YES;
				CLANG_ANALYZER_NUMBER_OBJECT_CONVERSION = YES_AGGRESSIVE;
				CLANG_CXX_LANGUAGE_STANDARD = "gnu++14";
				CLANG_CXX_LIBRARY = "libc++";
				CLANG_ENABLE_MODULES = YES;
				CLANG_ENABLE_OBJC_ARC = YES;
				CLANG_ENABLE_OBJC_WEAK = YES;
				CLANG_WARN_BLOCK_CAPTURE_AUTORELEASING = YES;
				CLANG_WARN_BOOL_CONVERSION = YES;
				CLANG_WARN_COMMA = YES;
				CLANG_WARN_CONSTANT_CONVERSION = YES;
				CLANG_WARN_DEPRECATED_OBJC_IMPLEMENTATIONS = YES;
				CLANG_WARN_DIRECT_OBJC_ISA_USAGE = YES_ERROR;
				CLANG_WARN_DOCUMENTATION_COMMENTS = YES;
				CLANG_WARN_EMPTY_BODY = YES;
				CLANG_WARN_ENUM_CONVERSION = YES;
				CLANG_WARN_INFINITE_RECURSION = YES;
				CLANG_WARN_INT_CONVERSION = YES;
				CLANG_WARN_NON_LITERAL_NULL_CONVERSION = YES;
				CLANG_WARN_OBJC_IMPLICIT_RETAIN_SELF = YES;
				CLANG_WARN_OBJC_LITERAL_CONVERSION = YES;
				CLANG_WARN_OBJC_ROOT_CLASS = YES_ERROR;
				CLANG_WARN_RANGE_LOOP_ANALYSIS = YES;
				CLANG_WARN_STRICT_PROTOTYPES = YES;
				CLANG_WARN_SUSPICIOUS_MOVE = YES;
				CLANG_WARN_UNGUARDED_AVAILABILITY = YES_AGGRESSIVE;
				CLANG_WARN_UNREACHABLE_CODE = YES;
				CLANG_WARN__DUPLICATE_METHOD_MATCH = YES;
				CODE_SIGN_IDENTITY = "iPhone Developer";
				COPY_PHASE_STRIP = NO;
				DEBUG_INFORMATION_FORMAT = dwarf;
				ENABLE_STRICT_OBJC_MSGSEND = YES;
				ENABLE_TESTABILITY = YES;
				GCC_C_LANGUAGE_STANDARD = gnu11;
				GCC_DYNAMIC_NO_PIC = NO;
				GCC_NO_COMMON_BLOCKS = YES;
				GCC_OPTIMIZATION_LEVEL = 0;
				GCC_PREPROCESSOR_DEFINITIONS = (
					"DEBUG=1",
					"$(inherited)",
				);
				GCC_WARN_64_TO_32_BIT_CONVERSION = YES;
				GCC_WARN_ABOUT_RETURN_TYPE = YES_ERROR;
				GCC_WARN_UNDECLARED_SELECTOR = YES;
				GCC_WARN_UNINITIALIZED_AUTOS = YES_AGGRESSIVE;
				GCC_WARN_UNUSED_FUNCTION = YES;
				GCC_WARN_UNUSED_VARIABLE = YES;
				IPHONEOS_DEPLOYMENT_TARGET = 11.0;
				MTL_ENABLE_DEBUG_INFO = INCLUDE_SOURCE;
				MTL_FAST_MATH = YES;
				ONLY_ACTIVE_ARCH = YES;
				SDKROOT = iphoneos;
				SWIFT_ACTIVE_COMPILATION_CONDITIONS = DEBUG;
				SWIFT_OPTIMIZATION_LEVEL = "-Onone";
			};
			name = Debug;
		};
		CC531BD3237D838D006870EF /* Release */ = {
			isa = XCBuildConfiguration;
			buildSettings = {
				ALWAYS_SEARCH_USER_PATHS = NO;
				CLANG_ANALYZER_NONNULL = YES;
				CLANG_ANALYZER_NUMBER_OBJECT_CONVERSION = YES_AGGRESSIVE;
				CLANG_CXX_LANGUAGE_STANDARD = "gnu++14";
				CLANG_CXX_LIBRARY = "libc++";
				CLANG_ENABLE_MODULES = YES;
				CLANG_ENABLE_OBJC_ARC = YES;
				CLANG_ENABLE_OBJC_WEAK = YES;
				CLANG_WARN_BLOCK_CAPTURE_AUTORELEASING = YES;
				CLANG_WARN_BOOL_CONVERSION = YES;
				CLANG_WARN_COMMA = YES;
				CLANG_WARN_CONSTANT_CONVERSION = YES;
				CLANG_WARN_DEPRECATED_OBJC_IMPLEMENTATIONS = YES;
				CLANG_WARN_DIRECT_OBJC_ISA_USAGE = YES_ERROR;
				CLANG_WARN_DOCUMENTATION_COMMENTS = YES;
				CLANG_WARN_EMPTY_BODY = YES;
				CLANG_WARN_ENUM_CONVERSION = YES;
				CLANG_WARN_INFINITE_RECURSION = YES;
				CLANG_WARN_INT_CONVERSION = YES;
				CLANG_WARN_NON_LITERAL_NULL_CONVERSION = YES;
				CLANG_WARN_OBJC_IMPLICIT_RETAIN_SELF = YES;
				CLANG_WARN_OBJC_LITERAL_CONVERSION = YES;
				CLANG_WARN_OBJC_ROOT_CLASS = YES_ERROR;
				CLANG_WARN_RANGE_LOOP_ANALYSIS = YES;
				CLANG_WARN_STRICT_PROTOTYPES = YES;
				CLANG_WARN_SUSPICIOUS_MOVE = YES;
				CLANG_WARN_UNGUARDED_AVAILABILITY = YES_AGGRESSIVE;
				CLANG_WARN_UNREACHABLE_CODE = YES;
				CLANG_WARN__DUPLICATE_METHOD_MATCH = YES;
				CODE_SIGN_IDENTITY = "iPhone Developer";
				COPY_PHASE_STRIP = NO;
				DEBUG_INFORMATION_FORMAT = "dwarf-with-dsym";
				ENABLE_NS_ASSERTIONS = NO;
				ENABLE_STRICT_OBJC_MSGSEND = YES;
				GCC_C_LANGUAGE_STANDARD = gnu11;
				GCC_NO_COMMON_BLOCKS = YES;
				GCC_WARN_64_TO_32_BIT_CONVERSION = YES;
				GCC_WARN_ABOUT_RETURN_TYPE = YES_ERROR;
				GCC_WARN_UNDECLARED_SELECTOR = YES;
				GCC_WARN_UNINITIALIZED_AUTOS = YES_AGGRESSIVE;
				GCC_WARN_UNUSED_FUNCTION = YES;
				GCC_WARN_UNUSED_VARIABLE = YES;
				IPHONEOS_DEPLOYMENT_TARGET = 11.0;
				MTL_ENABLE_DEBUG_INFO = NO;
				MTL_FAST_MATH = YES;
				SDKROOT = iphoneos;
				SWIFT_COMPILATION_MODE = wholemodule;
				SWIFT_OPTIMIZATION_LEVEL = "-O";
				VALIDATE_PRODUCT = YES;
			};
			name = Release;
		};
		CC531BD5237D838D006870EF /* Debug */ = {
			isa = XCBuildConfiguration;
			baseConfigurationReference = 330214D1A0592BB321A1360B /* Pods-DailyRewards.debug.xcconfig */;
			buildSettings = {
				ASSETCATALOG_COMPILER_APPICON_NAME = AppIcon;
				CODE_SIGN_STYLE = Automatic;
				DEVELOPMENT_TEAM = G77MYT7HW8;
				INFOPLIST_FILE = DailyRewards/Info.plist;
				LD_RUNPATH_SEARCH_PATHS = (
					"$(inherited)",
					"@executable_path/Frameworks",
				);
				PRODUCT_BUNDLE_IDENTIFIER = com.br.ios.daily.rewards.DailyRewards;
				PRODUCT_NAME = "$(TARGET_NAME)";
				SWIFT_VERSION = 4.2;
				TARGETED_DEVICE_FAMILY = "1,2";
			};
			name = Debug;
		};
		CC531BD6237D838D006870EF /* Release */ = {
			isa = XCBuildConfiguration;
			baseConfigurationReference = FB185F9362793955DBBF3537 /* Pods-DailyRewards.release.xcconfig */;
			buildSettings = {
				ASSETCATALOG_COMPILER_APPICON_NAME = AppIcon;
				CODE_SIGN_STYLE = Automatic;
				DEVELOPMENT_TEAM = G77MYT7HW8;
				INFOPLIST_FILE = DailyRewards/Info.plist;
				LD_RUNPATH_SEARCH_PATHS = (
					"$(inherited)",
					"@executable_path/Frameworks",
				);
				PRODUCT_BUNDLE_IDENTIFIER = com.br.ios.daily.rewards.DailyRewards;
				PRODUCT_NAME = "$(TARGET_NAME)";
				SWIFT_VERSION = 4.2;
				TARGETED_DEVICE_FAMILY = "1,2";
			};
			name = Release;
		};
		CC531BD8237D838D006870EF /* Debug */ = {
			isa = XCBuildConfiguration;
			buildSettings = {
				ALWAYS_EMBED_SWIFT_STANDARD_LIBRARIES = YES;
				BUNDLE_LOADER = "$(TEST_HOST)";
				CODE_SIGN_STYLE = Automatic;
				DEVELOPMENT_TEAM = G77MYT7HW8;
				INFOPLIST_FILE = DailyRewardsTests/Info.plist;
				LD_RUNPATH_SEARCH_PATHS = (
					"$(inherited)",
					"@executable_path/Frameworks",
					"@loader_path/Frameworks",
				);
				PRODUCT_BUNDLE_IDENTIFIER = com.br.ios.daily.rewards.DailyRewardsTests;
				PRODUCT_NAME = "$(TARGET_NAME)";
				SWIFT_VERSION = 4.2;
				TARGETED_DEVICE_FAMILY = "1,2";
				TEST_HOST = "$(BUILT_PRODUCTS_DIR)/DailyRewards.app/DailyRewards";
			};
			name = Debug;
		};
		CC531BD9237D838D006870EF /* Release */ = {
			isa = XCBuildConfiguration;
			buildSettings = {
				ALWAYS_EMBED_SWIFT_STANDARD_LIBRARIES = YES;
				BUNDLE_LOADER = "$(TEST_HOST)";
				CODE_SIGN_STYLE = Automatic;
				DEVELOPMENT_TEAM = G77MYT7HW8;
				INFOPLIST_FILE = DailyRewardsTests/Info.plist;
				LD_RUNPATH_SEARCH_PATHS = (
					"$(inherited)",
					"@executable_path/Frameworks",
					"@loader_path/Frameworks",
				);
				PRODUCT_BUNDLE_IDENTIFIER = com.br.ios.daily.rewards.DailyRewardsTests;
				PRODUCT_NAME = "$(TARGET_NAME)";
				SWIFT_VERSION = 4.2;
				TARGETED_DEVICE_FAMILY = "1,2";
				TEST_HOST = "$(BUILT_PRODUCTS_DIR)/DailyRewards.app/DailyRewards";
			};
			name = Release;
		};
/* End XCBuildConfiguration section */

/* Begin XCConfigurationList section */
		CC531BB2237D838C006870EF /* Build configuration list for PBXProject "DailyRewards" */ = {
			isa = XCConfigurationList;
			buildConfigurations = (
				CC531BD2237D838D006870EF /* Debug */,
				CC531BD3237D838D006870EF /* Release */,
			);
			defaultConfigurationIsVisible = 0;
			defaultConfigurationName = Release;
		};
		CC531BD4237D838D006870EF /* Build configuration list for PBXNativeTarget "DailyRewards" */ = {
			isa = XCConfigurationList;
			buildConfigurations = (
				CC531BD5237D838D006870EF /* Debug */,
				CC531BD6237D838D006870EF /* Release */,
			);
			defaultConfigurationIsVisible = 0;
			defaultConfigurationName = Release;
		};
		CC531BD7237D838D006870EF /* Build configuration list for PBXNativeTarget "DailyRewardsTests" */ = {
			isa = XCConfigurationList;
			buildConfigurations = (
				CC531BD8237D838D006870EF /* Debug */,
				CC531BD9237D838D006870EF /* Release */,
			);
			defaultConfigurationIsVisible = 0;
			defaultConfigurationName = Release;
		};
/* End XCConfigurationList section */
	};
	rootObject = CC531BAF237D838C006870EF /* Project object */;
}
